// !$*UTF8*$!
{
	archiveVersion = 1;
	classes = {
	};
	objectVersion = 55;
	objects = {

/* Begin PBXBuildFile section */
		6E30B712285C624400ED974C /* AppDelegate.swift in Sources */ = {isa = PBXBuildFile; fileRef = 6E30B711285C624400ED974C /* AppDelegate.swift */; };
		6E30B714285C624400ED974C /* SceneDelegate.swift in Sources */ = {isa = PBXBuildFile; fileRef = 6E30B713285C624400ED974C /* SceneDelegate.swift */; };
		6E30B716285C624400ED974C /* ViewController.swift in Sources */ = {isa = PBXBuildFile; fileRef = 6E30B715285C624400ED974C /* ViewController.swift */; };
		6E30B719285C624400ED974C /* Main.storyboard in Resources */ = {isa = PBXBuildFile; fileRef = 6E30B717285C624400ED974C /* Main.storyboard */; };
		6E30B71B285C624800ED974C /* Assets.xcassets in Resources */ = {isa = PBXBuildFile; fileRef = 6E30B71A285C624800ED974C /* Assets.xcassets */; };
		6E30B71E285C624800ED974C /* LaunchScreen.storyboard in Resources */ = {isa = PBXBuildFile; fileRef = 6E30B71C285C624800ED974C /* LaunchScreen.storyboard */; };
		6E30B72D285C6EEB00ED974C /* Storyboardable.swift in Sources */ = {isa = PBXBuildFile; fileRef = 6E30B72C285C6EEB00ED974C /* Storyboardable.swift */; };
		6E30B72F285C6F6000ED974C /* QuotesViewController.swift in Sources */ = {isa = PBXBuildFile; fileRef = 6E30B72E285C6F6000ED974C /* QuotesViewController.swift */; };
		6E30B737285CDB2A00ED974C /* StoryboardableTests.swift in Sources */ = {isa = PBXBuildFile; fileRef = 6E30B736285CDB2A00ED974C /* StoryboardableTests.swift */; };
/* End PBXBuildFile section */

/* Begin PBXContainerItemProxy section */
		6E30B738285CDB2A00ED974C /* PBXContainerItemProxy */ = {
			isa = PBXContainerItemProxy;
			containerPortal = 6E30B706285C624400ED974C /* Project object */;
			proxyType = 1;
			remoteGlobalIDString = 6E30B70D285C624400ED974C;
			remoteInfo = Quotes;
		};
/* End PBXContainerItemProxy section */

/* Begin PBXFileReference section */
		6E30B70E285C624400ED974C /* Quotes.app */ = {isa = PBXFileReference; explicitFileType = wrapper.application; includeInIndex = 0; path = Quotes.app; sourceTree = BUILT_PRODUCTS_DIR; };
		6E30B711285C624400ED974C /* AppDelegate.swift */ = {isa = PBXFileReference; lastKnownFileType = sourcecode.swift; path = AppDelegate.swift; sourceTree = "<group>"; };
		6E30B713285C624400ED974C /* SceneDelegate.swift */ = {isa = PBXFileReference; lastKnownFileType = sourcecode.swift; path = SceneDelegate.swift; sourceTree = "<group>"; };
		6E30B715285C624400ED974C /* ViewController.swift */ = {isa = PBXFileReference; lastKnownFileType = sourcecode.swift; path = ViewController.swift; sourceTree = "<group>"; };
		6E30B718285C624400ED974C /* Base */ = {isa = PBXFileReference; lastKnownFileType = file.storyboard; name = Base; path = Base.lproj/Main.storyboard; sourceTree = "<group>"; };
		6E30B71A285C624800ED974C /* Assets.xcassets */ = {isa = PBXFileReference; lastKnownFileType = folder.assetcatalog; path = Assets.xcassets; sourceTree = "<group>"; };
		6E30B71D285C624800ED974C /* Base */ = {isa = PBXFileReference; lastKnownFileType = file.storyboard; name = Base; path = Base.lproj/LaunchScreen.storyboard; sourceTree = "<group>"; };
		6E30B71F285C624800ED974C /* Info.plist */ = {isa = PBXFileReference; lastKnownFileType = text.plist.xml; path = Info.plist; sourceTree = "<group>"; };
		6E30B72C285C6EEB00ED974C /* Storyboardable.swift */ = {isa = PBXFileReference; lastKnownFileType = sourcecode.swift; path = Storyboardable.swift; sourceTree = "<group>"; };
		6E30B72E285C6F6000ED974C /* QuotesViewController.swift */ = {isa = PBXFileReference; lastKnownFileType = sourcecode.swift; path = QuotesViewController.swift; sourceTree = "<group>"; };
		6E30B734285CDB2900ED974C /* QuotesTests.xctest */ = {isa = PBXFileReference; explicitFileType = wrapper.cfbundle; includeInIndex = 0; path = QuotesTests.xctest; sourceTree = BUILT_PRODUCTS_DIR; };
		6E30B736285CDB2A00ED974C /* StoryboardableTests.swift */ = {isa = PBXFileReference; lastKnownFileType = sourcecode.swift; path = StoryboardableTests.swift; sourceTree = "<group>"; };
/* End PBXFileReference section */

/* Begin PBXFrameworksBuildPhase section */
		6E30B70B285C624400ED974C /* Frameworks */ = {
			isa = PBXFrameworksBuildPhase;
			buildActionMask = 2147483647;
			files = (
			);
			runOnlyForDeploymentPostprocessing = 0;
		};
		6E30B731285CDB2900ED974C /* Frameworks */ = {
			isa = PBXFrameworksBuildPhase;
			buildActionMask = 2147483647;
			files = (
			);
			runOnlyForDeploymentPostprocessing = 0;
		};
/* End PBXFrameworksBuildPhase section */

/* Begin PBXGroup section */
		6E30B705285C624400ED974C = {
			isa = PBXGroup;
			children = (
				6E30B710285C624400ED974C /* Quotes */,
				6E30B735285CDB2900ED974C /* QuotesTests */,
				6E30B70F285C624400ED974C /* Products */,
			);
			sourceTree = "<group>";
		};
		6E30B70F285C624400ED974C /* Products */ = {
			isa = PBXGroup;
			children = (
				6E30B70E285C624400ED974C /* Quotes.app */,
				6E30B734285CDB2900ED974C /* QuotesTests.xctest */,
			);
			name = Products;
			sourceTree = "<group>";
		};
		6E30B710285C624400ED974C /* Quotes */ = {
			isa = PBXGroup;
			children = (
				6E30B71F285C624800ED974C /* Info.plist */,
				6E30B71A285C624800ED974C /* Assets.xcassets */,
				6E30B717285C624400ED974C /* Main.storyboard */,
				6E30B71C285C624800ED974C /* LaunchScreen.storyboard */,
				6E30B72B285C6ECF00ED974C /* Protocols */,
				6E30B726285C62B300ED974C /* Delegate */,
				6E30B727285C62C900ED974C /* View Controllers */,
			);
			path = Quotes;
			sourceTree = "<group>";
		};
		6E30B726285C62B300ED974C /* Delegate */ = {
			isa = PBXGroup;
			children = (
				6E30B711285C624400ED974C /* AppDelegate.swift */,
				6E30B713285C624400ED974C /* SceneDelegate.swift */,
			);
			path = Delegate;
			sourceTree = "<group>";
		};
		6E30B727285C62C900ED974C /* View Controllers */ = {
			isa = PBXGroup;
			children = (
				6E30B715285C624400ED974C /* ViewController.swift */,
				6E30B72E285C6F6000ED974C /* QuotesViewController.swift */,
			);
			path = "View Controllers";
			sourceTree = "<group>";
		};
		6E30B72B285C6ECF00ED974C /* Protocols */ = {
			isa = PBXGroup;
			children = (
				6E30B72C285C6EEB00ED974C /* Storyboardable.swift */,
			);
			path = Protocols;
			sourceTree = "<group>";
		};
		6E30B735285CDB2900ED974C /* QuotesTests */ = {
			isa = PBXGroup;
			children = (
				6E30B736285CDB2A00ED974C /* StoryboardableTests.swift */,
			);
			path = QuotesTests;
			sourceTree = "<group>";
		};
/* End PBXGroup section */

/* Begin PBXNativeTarget section */
		6E30B70D285C624400ED974C /* Quotes */ = {
			isa = PBXNativeTarget;
			buildConfigurationList = 6E30B722285C624800ED974C /* Build configuration list for PBXNativeTarget "Quotes" */;
			buildPhases = (
				6E30B70A285C624400ED974C /* Sources */,
				6E30B70B285C624400ED974C /* Frameworks */,
				6E30B70C285C624400ED974C /* Resources */,
			);
			buildRules = (
			);
			dependencies = (
			);
			name = Quotes;
			productName = Quotes;
			productReference = 6E30B70E285C624400ED974C /* Quotes.app */;
			productType = "com.apple.product-type.application";
		};
		6E30B733285CDB2900ED974C /* QuotesTests */ = {
			isa = PBXNativeTarget;
			buildConfigurationList = 6E30B73C285CDB2A00ED974C /* Build configuration list for PBXNativeTarget "QuotesTests" */;
			buildPhases = (
				6E30B730285CDB2900ED974C /* Sources */,
				6E30B731285CDB2900ED974C /* Frameworks */,
				6E30B732285CDB2900ED974C /* Resources */,
			);
			buildRules = (
			);
			dependencies = (
				6E30B739285CDB2A00ED974C /* PBXTargetDependency */,
			);
			name = QuotesTests;
			productName = QuotesTests;
			productReference = 6E30B734285CDB2900ED974C /* QuotesTests.xctest */;
			productType = "com.apple.product-type.bundle.unit-test";
		};
/* End PBXNativeTarget section */

/* Begin PBXProject section */
		6E30B706285C624400ED974C /* Project object */ = {
			isa = PBXProject;
			attributes = {
				BuildIndependentTargetsInParallel = 1;
				LastSwiftUpdateCheck = 1340;
				LastUpgradeCheck = 1340;
				TargetAttributes = {
					6E30B70D285C624400ED974C = {
						CreatedOnToolsVersion = 13.4;
					};
					6E30B733285CDB2900ED974C = {
						CreatedOnToolsVersion = 13.4;
						TestTargetID = 6E30B70D285C624400ED974C;
					};
				};
			};
			buildConfigurationList = 6E30B709285C624400ED974C /* Build configuration list for PBXProject "Quotes" */;
			compatibilityVersion = "Xcode 13.0";
			developmentRegion = en;
			hasScannedForEncodings = 0;
			knownRegions = (
				en,
				Base,
			);
			mainGroup = 6E30B705285C624400ED974C;
			productRefGroup = 6E30B70F285C624400ED974C /* Products */;
			projectDirPath = "";
			projectRoot = "";
			targets = (
				6E30B70D285C624400ED974C /* Quotes */,
				6E30B733285CDB2900ED974C /* QuotesTests */,
			);
		};
/* End PBXProject section */

/* Begin PBXResourcesBuildPhase section */
		6E30B70C285C624400ED974C /* Resources */ = {
			isa = PBXResourcesBuildPhase;
			buildActionMask = 2147483647;
			files = (
				6E30B71E285C624800ED974C /* LaunchScreen.storyboard in Resources */,
				6E30B71B285C624800ED974C /* Assets.xcassets in Resources */,
				6E30B719285C624400ED974C /* Main.storyboard in Resources */,
			);
			runOnlyForDeploymentPostprocessing = 0;
		};
		6E30B732285CDB2900ED974C /* Resources */ = {
			isa = PBXResourcesBuildPhase;
			buildActionMask = 2147483647;
			files = (
			);
			runOnlyForDeploymentPostprocessing = 0;
		};
/* End PBXResourcesBuildPhase section */

/* Begin PBXSourcesBuildPhase section */
		6E30B70A285C624400ED974C /* Sources */ = {
			isa = PBXSourcesBuildPhase;
			buildActionMask = 2147483647;
			files = (
				6E30B72D285C6EEB00ED974C /* Storyboardable.swift in Sources */,
				6E30B716285C624400ED974C /* ViewController.swift in Sources */,
				6E30B72F285C6F6000ED974C /* QuotesViewController.swift in Sources */,
				6E30B712285C624400ED974C /* AppDelegate.swift in Sources */,
				6E30B714285C624400ED974C /* SceneDelegate.swift in Sources */,
			);
			runOnlyForDeploymentPostprocessing = 0;
		};
		6E30B730285CDB2900ED974C /* Sources */ = {
			isa = PBXSourcesBuildPhase;
			buildActionMask = 2147483647;
			files = (
				6E30B737285CDB2A00ED974C /* StoryboardableTests.swift in Sources */,
			);
			runOnlyForDeploymentPostprocessing = 0;
		};
/* End PBXSourcesBuildPhase section */

/* Begin PBXTargetDependency section */
		6E30B739285CDB2A00ED974C /* PBXTargetDependency */ = {
			isa = PBXTargetDependency;
			target = 6E30B70D285C624400ED974C /* Quotes */;
			targetProxy = 6E30B738285CDB2A00ED974C /* PBXContainerItemProxy */;
		};
/* End PBXTargetDependency section */

/* Begin PBXVariantGroup section */
		6E30B717285C624400ED974C /* Main.storyboard */ = {
			isa = PBXVariantGroup;
			children = (
				6E30B718285C624400ED974C /* Base */,
			);
			name = Main.storyboard;
			sourceTree = "<group>";
		};
		6E30B71C285C624800ED974C /* LaunchScreen.storyboard */ = {
			isa = PBXVariantGroup;
			children = (
				6E30B71D285C624800ED974C /* Base */,
			);
			name = LaunchScreen.storyboard;
			sourceTree = "<group>";
		};
/* End PBXVariantGroup section */

/* Begin XCBuildConfiguration section */
		6E30B720285C624800ED974C /* Debug */ = {
			isa = XCBuildConfiguration;
			buildSettings = {
				ALWAYS_SEARCH_USER_PATHS = NO;
				CLANG_ANALYZER_NONNULL = YES;
				CLANG_ANALYZER_NUMBER_OBJECT_CONVERSION = YES_AGGRESSIVE;
				CLANG_CXX_LANGUAGE_STANDARD = "gnu++17";
				CLANG_ENABLE_MODULES = YES;
				CLANG_ENABLE_OBJC_ARC = YES;
				CLANG_ENABLE_OBJC_WEAK = YES;
				CLANG_WARN_BLOCK_CAPTURE_AUTORELEASING = YES;
				CLANG_WARN_BOOL_CONVERSION = YES;
				CLANG_WARN_COMMA = YES;
				CLANG_WARN_CONSTANT_CONVERSION = YES;
				CLANG_WARN_DEPRECATED_OBJC_IMPLEMENTATIONS = YES;
				CLANG_WARN_DIRECT_OBJC_ISA_USAGE = YES_ERROR;
				CLANG_WARN_DOCUMENTATION_COMMENTS = YES;
				CLANG_WARN_EMPTY_BODY = YES;
				CLANG_WARN_ENUM_CONVERSION = YES;
				CLANG_WARN_INFINITE_RECURSION = YES;
				CLANG_WARN_INT_CONVERSION = YES;
				CLANG_WARN_NON_LITERAL_NULL_CONVERSION = YES;
				CLANG_WARN_OBJC_IMPLICIT_RETAIN_SELF = YES;
				CLANG_WARN_OBJC_LITERAL_CONVERSION = YES;
				CLANG_WARN_OBJC_ROOT_CLASS = YES_ERROR;
				CLANG_WARN_QUOTED_INCLUDE_IN_FRAMEWORK_HEADER = YES;
				CLANG_WARN_RANGE_LOOP_ANALYSIS = YES;
				CLANG_WARN_STRICT_PROTOTYPES = YES;
				CLANG_WARN_SUSPICIOUS_MOVE = YES;
				CLANG_WARN_UNGUARDED_AVAILABILITY = YES_AGGRESSIVE;
				CLANG_WARN_UNREACHABLE_CODE = YES;
				CLANG_WARN__DUPLICATE_METHOD_MATCH = YES;
				COPY_PHASE_STRIP = NO;
				DEBUG_INFORMATION_FORMAT = dwarf;
				ENABLE_STRICT_OBJC_MSGSEND = YES;
				ENABLE_TESTABILITY = YES;
				GCC_C_LANGUAGE_STANDARD = gnu11;
				GCC_DYNAMIC_NO_PIC = NO;
				GCC_NO_COMMON_BLOCKS = YES;
				GCC_OPTIMIZATION_LEVEL = 0;
				GCC_PREPROCESSOR_DEFINITIONS = (
					"DEBUG=1",
					"$(inherited)",
				);
				GCC_WARN_64_TO_32_BIT_CONVERSION = YES;
				GCC_WARN_ABOUT_RETURN_TYPE = YES_ERROR;
				GCC_WARN_UNDECLARED_SELECTOR = YES;
				GCC_WARN_UNINITIALIZED_AUTOS = YES_AGGRESSIVE;
				GCC_WARN_UNUSED_FUNCTION = YES;
				GCC_WARN_UNUSED_VARIABLE = YES;
				IPHONEOS_DEPLOYMENT_TARGET = 15.5;
				MTL_ENABLE_DEBUG_INFO = INCLUDE_SOURCE;
				MTL_FAST_MATH = YES;
				ONLY_ACTIVE_ARCH = YES;
				SDKROOT = iphoneos;
				SWIFT_ACTIVE_COMPILATION_CONDITIONS = DEBUG;
				SWIFT_OPTIMIZATION_LEVEL = "-Onone";
			};
			name = Debug;
		};
		6E30B721285C624800ED974C /* Release */ = {
			isa = XCBuildConfiguration;
			buildSettings = {
				ALWAYS_SEARCH_USER_PATHS = NO;
				CLANG_ANALYZER_NONNULL = YES;
				CLANG_ANALYZER_NUMBER_OBJECT_CONVERSION = YES_AGGRESSIVE;
				CLANG_CXX_LANGUAGE_STANDARD = "gnu++17";
				CLANG_ENABLE_MODULES = YES;
				CLANG_ENABLE_OBJC_ARC = YES;
				CLANG_ENABLE_OBJC_WEAK = YES;
				CLANG_WARN_BLOCK_CAPTURE_AUTORELEASING = YES;
				CLANG_WARN_BOOL_CONVERSION = YES;
				CLANG_WARN_COMMA = YES;
				CLANG_WARN_CONSTANT_CONVERSION = YES;
				CLANG_WARN_DEPRECATED_OBJC_IMPLEMENTATIONS = YES;
				CLANG_WARN_DIRECT_OBJC_ISA_USAGE = YES_ERROR;
				CLANG_WARN_DOCUMENTATION_COMMENTS = YES;
				CLANG_WARN_EMPTY_BODY = YES;
				CLANG_WARN_ENUM_CONVERSION = YES;
				CLANG_WARN_INFINITE_RECURSION = YES;
				CLANG_WARN_INT_CONVERSION = YES;
				CLANG_WARN_NON_LITERAL_NULL_CONVERSION = YES;
				CLANG_WARN_OBJC_IMPLICIT_RETAIN_SELF = YES;
				CLANG_WARN_OBJC_LITERAL_CONVERSION = YES;
				CLANG_WARN_OBJC_ROOT_CLASS = YES_ERROR;
				CLANG_WARN_QUOTED_INCLUDE_IN_FRAMEWORK_HEADER = YES;
				CLANG_WARN_RANGE_LOOP_ANALYSIS = YES;
				CLANG_WARN_STRICT_PROTOTYPES = YES;
				CLANG_WARN_SUSPICIOUS_MOVE = YES;
				CLANG_WARN_UNGUARDED_AVAILABILITY = YES_AGGRESSIVE;
				CLANG_WARN_UNREACHABLE_CODE = YES;
				CLANG_WARN__DUPLICATE_METHOD_MATCH = YES;
				COPY_PHASE_STRIP = NO;
				DEBUG_INFORMATION_FORMAT = "dwarf-with-dsym";
				ENABLE_NS_ASSERTIONS = NO;
				ENABLE_STRICT_OBJC_MSGSEND = YES;
				GCC_C_LANGUAGE_STANDARD = gnu11;
				GCC_NO_COMMON_BLOCKS = YES;
				GCC_WARN_64_TO_32_BIT_CONVERSION = YES;
				GCC_WARN_ABOUT_RETURN_TYPE = YES_ERROR;
				GCC_WARN_UNDECLARED_SELECTOR = YES;
				GCC_WARN_UNINITIALIZED_AUTOS = YES_AGGRESSIVE;
				GCC_WARN_UNUSED_FUNCTION = YES;
				GCC_WARN_UNUSED_VARIABLE = YES;
				IPHONEOS_DEPLOYMENT_TARGET = 15.5;
				MTL_ENABLE_DEBUG_INFO = NO;
				MTL_FAST_MATH = YES;
				SDKROOT = iphoneos;
				SWIFT_COMPILATION_MODE = wholemodule;
				SWIFT_OPTIMIZATION_LEVEL = "-O";
				VALIDATE_PRODUCT = YES;
			};
			name = Release;
		};
		6E30B723285C624800ED974C /* Debug */ = {
			isa = XCBuildConfiguration;
			buildSettings = {
				ASSETCATALOG_COMPILER_APPICON_NAME = AppIcon;
				ASSETCATALOG_COMPILER_GLOBAL_ACCENT_COLOR_NAME = AccentColor;
				CODE_SIGN_STYLE = Automatic;
				CURRENT_PROJECT_VERSION = 1;
				GENERATE_INFOPLIST_FILE = YES;
				INFOPLIST_FILE = Quotes/Info.plist;
				INFOPLIST_KEY_UIApplicationSupportsIndirectInputEvents = YES;
				INFOPLIST_KEY_UILaunchStoryboardName = LaunchScreen;
				INFOPLIST_KEY_UIMainStoryboardFile = Main;
				INFOPLIST_KEY_UISupportedInterfaceOrientations_iPad = "UIInterfaceOrientationPortrait UIInterfaceOrientationPortraitUpsideDown UIInterfaceOrientationLandscapeLeft UIInterfaceOrientationLandscapeRight";
				INFOPLIST_KEY_UISupportedInterfaceOrientations_iPhone = "UIInterfaceOrientationPortrait UIInterfaceOrientationLandscapeLeft UIInterfaceOrientationLandscapeRight";
				LD_RUNPATH_SEARCH_PATHS = (
					"$(inherited)",
					"@executable_path/Frameworks",
				);
				MARKETING_VERSION = 1.0;
				PRODUCT_BUNDLE_IDENTIFIER = hk.edu.hkdi.ddm.laukapui.Quotes;
				PRODUCT_NAME = "$(TARGET_NAME)";
				SWIFT_EMIT_LOC_STRINGS = YES;
				SWIFT_VERSION = 5.0;
				TARGETED_DEVICE_FAMILY = "1,2";
			};
			name = Debug;
		};
		6E30B724285C624800ED974C /* Release */ = {
			isa = XCBuildConfiguration;
			buildSettings = {
				ASSETCATALOG_COMPILER_APPICON_NAME = AppIcon;
				ASSETCATALOG_COMPILER_GLOBAL_ACCENT_COLOR_NAME = AccentColor;
				CODE_SIGN_STYLE = Automatic;
				CURRENT_PROJECT_VERSION = 1;
				GENERATE_INFOPLIST_FILE = YES;
				INFOPLIST_FILE = Quotes/Info.plist;
				INFOPLIST_KEY_UIApplicationSupportsIndirectInputEvents = YES;
				INFOPLIST_KEY_UILaunchStoryboardName = LaunchScreen;
				INFOPLIST_KEY_UIMainStoryboardFile = Main;
				INFOPLIST_KEY_UISupportedInterfaceOrientations_iPad = "UIInterfaceOrientationPortrait UIInterfaceOrientationPortraitUpsideDown UIInterfaceOrientationLandscapeLeft UIInterfaceOrientationLandscapeRight";
				INFOPLIST_KEY_UISupportedInterfaceOrientations_iPhone = "UIInterfaceOrientationPortrait UIInterfaceOrientationLandscapeLeft UIInterfaceOrientationLandscapeRight";
				LD_RUNPATH_SEARCH_PATHS = (
					"$(inherited)",
					"@executable_path/Frameworks",
				);
				MARKETING_VERSION = 1.0;
				PRODUCT_BUNDLE_IDENTIFIER = hk.edu.hkdi.ddm.laukapui.Quotes;
				PRODUCT_NAME = "$(TARGET_NAME)";
				SWIFT_EMIT_LOC_STRINGS = YES;
				SWIFT_VERSION = 5.0;
				TARGETED_DEVICE_FAMILY = "1,2";
			};
			name = Release;
		};
		6E30B73A285CDB2A00ED974C /* Debug */ = {
			isa = XCBuildConfiguration;
			buildSettings = {
				BUNDLE_LOADER = "$(TEST_HOST)";
				CODE_SIGN_STYLE = Automatic;
				CURRENT_PROJECT_VERSION = 1;
				GENERATE_INFOPLIST_FILE = YES;
				MARKETING_VERSION = 1.0;
				PRODUCT_BUNDLE_IDENTIFIER = hk.edu.hkdi.ddm.laukapui.QuotesTests;
				PRODUCT_NAME = "$(TARGET_NAME)";
				SWIFT_EMIT_LOC_STRINGS = NO;
				SWIFT_VERSION = 5.0;
				TARGETED_DEVICE_FAMILY = "1,2";
				TEST_HOST = "$(BUILT_PRODUCTS_DIR)/Quotes.app/Quotes";
			};
			name = Debug;
		};
		6E30B73B285CDB2A00ED974C /* Release */ = {
			isa = XCBuildConfiguration;
			buildSettings = {
				BUNDLE_LOADER = "$(TEST_HOST)";
				CODE_SIGN_STYLE = Automatic;
				CURRENT_PROJECT_VERSION = 1;
				GENERATE_INFOPLIST_FILE = YES;
				MARKETING_VERSION = 1.0;
				PRODUCT_BUNDLE_IDENTIFIER = hk.edu.hkdi.ddm.laukapui.QuotesTests;
				PRODUCT_NAME = "$(TARGET_NAME)";
				SWIFT_EMIT_LOC_STRINGS = NO;
				SWIFT_VERSION = 5.0;
				TARGETED_DEVICE_FAMILY = "1,2";
				TEST_HOST = "$(BUILT_PRODUCTS_DIR)/Quotes.app/Quotes";
			};
			name = Release;
		};
/* End XCBuildConfiguration section */

/* Begin XCConfigurationList section */
		6E30B709285C624400ED974C /* Build configuration list for PBXProject "Quotes" */ = {
			isa = XCConfigurationList;
			buildConfigurations = (
				6E30B720285C624800ED974C /* Debug */,
				6E30B721285C624800ED974C /* Release */,
			);
			defaultConfigurationIsVisible = 0;
			defaultConfigurationName = Release;
		};
		6E30B722285C624800ED974C /* Build configuration list for PBXNativeTarget "Quotes" */ = {
			isa = XCConfigurationList;
			buildConfigurations = (
				6E30B723285C624800ED974C /* Debug */,
				6E30B724285C624800ED974C /* Release */,
			);
			defaultConfigurationIsVisible = 0;
			defaultConfigurationName = Release;
		};
		6E30B73C285CDB2A00ED974C /* Build configuration list for PBXNativeTarget "QuotesTests" */ = {
			isa = XCConfigurationList;
			buildConfigurations = (
				6E30B73A285CDB2A00ED974C /* Debug */,
				6E30B73B285CDB2A00ED974C /* Release */,
			);
			defaultConfigurationIsVisible = 0;
			defaultConfigurationName = Release;
		};
/* End XCConfigurationList section */
	};
	rootObject = 6E30B706285C624400ED974C /* Project object */;
}
